<Solution>
  <Folder Name="/samples/">
    <Project Path="samples/WaveLink.Console/WaveLink.Console.csproj" />
  </Folder>
  <Folder Name="/Solution Items/">
    <File Path=".gitignore" />
    <File Path="PROTOCOL.md" />
    <File Path="README.md" />
  </Folder>
  <Folder Name="/src/">
    <Project Path="src/WaveLink.Client/WaveLink.Client.csproj" />
  </Folder>
</Solution>
